lockfileVersion: '9.0'

settings:
  autoInstallPeers: true
  excludeLinksFromLockfile: false

importers:

  .:
    dependencies:
      punycode:
        specifier: ^2.3.1
        version: 2.3.1
      split2:
        specifier: ^4.2.0
        version: 4.2.0
      typed-regex:
        specifier: ^0.0.8
        version: 0.0.8
    devDependencies:
      '@types/node':
        specifier: ^24.9.1
        version: 24.9.1
      '@types/punycode':
        specifier: ^2.1.4
        version: 2.1.4
      '@types/split2':
        specifier: ^4.2.3
        version: 4.2.3
      typescript:
        specifier: ^5.9.3
        version: 5.9.3

packages:

  '@types/node@24.9.1':
    resolution: {integrity: sha512-QoiaXANRkSXK6p0Duvt56W208du4P9Uye9hWLWgGMDTEoKPhuenzNcC4vGUmrNkiOKTlIrBoyNQYNpSwfEZXSg==}

  '@types/punycode@2.1.4':
    resolution: {integrity: sha512-trzh6NzBnq8yw5e35f8xe8VTYjqM3NE7bohBtvDVf/dtUer3zYTLK1Ka3DG3p7bdtoaOHZucma6FfVKlQ134pQ==}

  '@types/split2@4.2.3':
    resolution: {integrity: sha512-59OXIlfUsi2k++H6CHgUQKEb2HKRokUA39HY1i1dS8/AIcqVjtAAFdf8u+HxTWK/4FUHMJQlKSZ4I6irCBJ1Zw==}

  punycode@2.3.1:
    resolution: {integrity: sha512-vYt7UD1U9Wg6138shLtLOvdAu+8DsC/ilFtEVHcH+wydcSpNE20AfSOduf6MkRFahL5FY7X1oU7nKVZFtfq8Fg==}
    engines: {node: '>=6'}

  split2@4.2.0:
    resolution: {integrity: sha512-UcjcJOWknrNkF6PLX83qcHM6KHgVKNkV62Y8a5uYDVv9ydGQVwAHMKqHdJje1VTWpljG0WYpCDhrCdAOYH4TWg==}
    engines: {node: '>= 10.x'}

  typed-regex@0.0.8:
    resolution: {integrity: sha512-1XkGm1T/rUngbFROIOw9wPnMAKeMsRoc+c9O6GwOHz6aH/FrJFtcyd2sHASbT0OXeGLot5N1shPNpwHGTv9RdQ==}

  typescript@5.9.3:
    resolution: {integrity: sha512-jl1vZzPDinLr9eUt3J/t7V6FgNEw9QjvBPdysz9KfQDD41fQrC2Y4vKQdiaUpFT4bXlb1RHhLpp8wtm6M5TgSw==}
    engines: {node: '>=14.17'}
    hasBin: true

  undici-types@7.16.0:
    resolution: {integrity: sha512-Zz+aZWSj8LE6zoxD+xrjh4VfkIG8Ya6LvYkZqtUQGJPZjYl53ypCaUwWqo7eI0x66KBGeRo+mlBEkMSeSZ38Nw==}

snapshots:

  '@types/node@24.9.1':
    dependencies:
      undici-types: 7.16.0

  '@types/punycode@2.1.4': {}

  '@types/split2@4.2.3':
    dependencies:
      '@types/node': 24.9.1

  punycode@2.3.1: {}

  split2@4.2.0: {}

  typed-regex@0.0.8: {}

  typescript@5.9.3: {}

  undici-types@7.16.0: {}
